
Microsoft Visual Studio Solution File, Format Version 12.00
Project("{FAE04EC0-301F-11D3-BF4B-00C04F79EFBC}") = "TodoApi", "TodoApi\TodoApi.csproj", "{92DC2942-D98E-451F-909B-C4D086EE3996}"
EndProject
Global
	GlobalSection(SolutionConfigurationPlatforms) = preSolution
		Debug|Any CPU = Debug|Any CPU
		Release|Any CPU = Release|Any CPU
	EndGlobalSection
	GlobalSection(ProjectConfigurationPlatforms) = postSolution
		{92DC2942-D98E-451F-909B-C4D086EE3996}.Debug|Any CPU.ActiveCfg = Debug|Any CPU
		{92DC2942-D98E-451F-909B-C4D086EE3996}.Debug|Any CPU.Build.0 = Debug|Any CPU
		{92DC2942-D98E-451F-909B-C4D086EE3996}.Release|Any CPU.ActiveCfg = Release|Any CPU
		{92DC2942-D98E-451F-909B-C4D086EE3996}.Release|Any CPU.Build.0 = Release|Any CPU
	EndGlobalSection
EndGlobal
